// !$*UTF8*$!
{
	archiveVersion = 1;
	classes = {
	};
	objectVersion = 50;
	objects = {

/* Begin PBXBuildFile section */
		A820276B215FE8DF00A4D7FB /* AppDelegate.swift in Sources */ = {isa = PBXBuildFile; fileRef = A820276A215FE8DF00A4D7FB /* AppDelegate.swift */; };
		A820276D215FE8DF00A4D7FB /* ViewController.swift in Sources */ = {isa = PBXBuildFile; fileRef = A820276C215FE8DF00A4D7FB /* ViewController.swift */; };
		A8202770215FE8DF00A4D7FB /* Main.storyboard in Resources */ = {isa = PBXBuildFile; fileRef = A820276E215FE8DF00A4D7FB /* Main.storyboard */; };
		A8202772215FE8E000A4D7FB /* Assets.xcassets in Resources */ = {isa = PBXBuildFile; fileRef = A8202771215FE8E000A4D7FB /* Assets.xcassets */; };
		A8202775215FE8E000A4D7FB /* LaunchScreen.storyboard in Resources */ = {isa = PBXBuildFile; fileRef = A8202773215FE8E000A4D7FB /* LaunchScreen.storyboard */; };
		A8202780215FE8E000A4D7FB /* ShopTests.swift in Sources */ = {isa = PBXBuildFile; fileRef = A820277F215FE8E000A4D7FB /* ShopTests.swift */; };
		A820278B215FE8E000A4D7FB /* ShopUITests.swift in Sources */ = {isa = PBXBuildFile; fileRef = A820278A215FE8E000A4D7FB /* ShopUITests.swift */; };
/* End PBXBuildFile section */

/* Begin PBXContainerItemProxy section */
		A820277C215FE8E000A4D7FB /* PBXContainerItemProxy */ = {
			isa = PBXContainerItemProxy;
			containerPortal = A820275F215FE8DF00A4D7FB /* Project object */;
			proxyType = 1;
			remoteGlobalIDString = A8202766215FE8DF00A4D7FB;
			remoteInfo = Shop;
		};
		A8202787215FE8E000A4D7FB /* PBXContainerItemProxy */ = {
			isa = PBXContainerItemProxy;
			containerPortal = A820275F215FE8DF00A4D7FB /* Project object */;
			proxyType = 1;
			remoteGlobalIDString = A8202766215FE8DF00A4D7FB;
			remoteInfo = Shop;
		};
/* End PBXContainerItemProxy section */

/* Begin PBXFileReference section */
		A8202767215FE8DF00A4D7FB /* Shop.app */ = {isa = PBXFileReference; explicitFileType = wrapper.application; includeInIndex = 0; path = Shop.app; sourceTree = BUILT_PRODUCTS_DIR; };
		A820276A215FE8DF00A4D7FB /* AppDelegate.swift */ = {isa = PBXFileReference; lastKnownFileType = sourcecode.swift; path = AppDelegate.swift; sourceTree = "<group>"; };
		A820276C215FE8DF00A4D7FB /* ViewController.swift */ = {isa = PBXFileReference; lastKnownFileType = sourcecode.swift; path = ViewController.swift; sourceTree = "<group>"; };
		A820276F215FE8DF00A4D7FB /* Base */ = {isa = PBXFileReference; lastKnownFileType = file.storyboard; name = Base; path = Base.lproj/Main.storyboard; sourceTree = "<group>"; };
		A8202771215FE8E000A4D7FB /* Assets.xcassets */ = {isa = PBXFileReference; lastKnownFileType = folder.assetcatalog; path = Assets.xcassets; sourceTree = "<group>"; };
		A8202774215FE8E000A4D7FB /* Base */ = {isa = PBXFileReference; lastKnownFileType = file.storyboard; name = Base; path = Base.lproj/LaunchScreen.storyboard; sourceTree = "<group>"; };
		A8202776215FE8E000A4D7FB /* Info.plist */ = {isa = PBXFileReference; lastKnownFileType = text.plist.xml; path = Info.plist; sourceTree = "<group>"; };
		A820277B215FE8E000A4D7FB /* ShopTests.xctest */ = {isa = PBXFileReference; explicitFileType = wrapper.cfbundle; includeInIndex = 0; path = ShopTests.xctest; sourceTree = BUILT_PRODUCTS_DIR; };
		A820277F215FE8E000A4D7FB /* ShopTests.swift */ = {isa = PBXFileReference; lastKnownFileType = sourcecode.swift; path = ShopTests.swift; sourceTree = "<group>"; };
		A8202781215FE8E000A4D7FB /* Info.plist */ = {isa = PBXFileReference; lastKnownFileType = text.plist.xml; path = Info.plist; sourceTree = "<group>"; };
		A8202786215FE8E000A4D7FB /* ShopUITests.xctest */ = {isa = PBXFileReference; explicitFileType = wrapper.cfbundle; includeInIndex = 0; path = ShopUITests.xctest; sourceTree = BUILT_PRODUCTS_DIR; };
		A820278A215FE8E000A4D7FB /* ShopUITests.swift */ = {isa = PBXFileReference; lastKnownFileType = sourcecode.swift; path = ShopUITests.swift; sourceTree = "<group>"; };
		A820278C215FE8E000A4D7FB /* Info.plist */ = {isa = PBXFileReference; lastKnownFileType = text.plist.xml; path = Info.plist; sourceTree = "<group>"; };
/* End PBXFileReference section */

/* Begin PBXFrameworksBuildPhase section */
		A8202764215FE8DF00A4D7FB /* Frameworks */ = {
			isa = PBXFrameworksBuildPhase;
			buildActionMask = 2147483647;
			files = (
			);
			runOnlyForDeploymentPostprocessing = 0;
		};
		A8202778215FE8E000A4D7FB /* Frameworks */ = {
			isa = PBXFrameworksBuildPhase;
			buildActionMask = 2147483647;
			files = (
			);
			runOnlyForDeploymentPostprocessing = 0;
		};
		A8202783215FE8E000A4D7FB /* Frameworks */ = {
			isa = PBXFrameworksBuildPhase;
			buildActionMask = 2147483647;
			files = (
			);
			runOnlyForDeploymentPostprocessing = 0;
		};
/* End PBXFrameworksBuildPhase section */

/* Begin PBXGroup section */
		A820275E215FE8DF00A4D7FB = {
			isa = PBXGroup;
			children = (
				A8202769215FE8DF00A4D7FB /* Shop */,
				A820277E215FE8E000A4D7FB /* ShopTests */,
				A8202789215FE8E000A4D7FB /* ShopUITests */,
				A8202768215FE8DF00A4D7FB /* Products */,
			);
			sourceTree = "<group>";
		};
		A8202768215FE8DF00A4D7FB /* Products */ = {
			isa = PBXGroup;
			children = (
				A8202767215FE8DF00A4D7FB /* Shop.app */,
				A820277B215FE8E000A4D7FB /* ShopTests.xctest */,
				A8202786215FE8E000A4D7FB /* ShopUITests.xctest */,
			);
			name = Products;
			sourceTree = "<group>";
		};
		A8202769215FE8DF00A4D7FB /* Shop */ = {
			isa = PBXGroup;
			children = (
				A820276A215FE8DF00A4D7FB /* AppDelegate.swift */,
				A820276C215FE8DF00A4D7FB /* ViewController.swift */,
				A820276E215FE8DF00A4D7FB /* Main.storyboard */,
				A8202771215FE8E000A4D7FB /* Assets.xcassets */,
				A8202773215FE8E000A4D7FB /* LaunchScreen.storyboard */,
				A8202776215FE8E000A4D7FB /* Info.plist */,
			);
			path = Shop;
			sourceTree = "<group>";
		};
		A820277E215FE8E000A4D7FB /* ShopTests */ = {
			isa = PBXGroup;
			children = (
				A820277F215FE8E000A4D7FB /* ShopTests.swift */,
				A8202781215FE8E000A4D7FB /* Info.plist */,
			);
			path = ShopTests;
			sourceTree = "<group>";
		};
		A8202789215FE8E000A4D7FB /* ShopUITests */ = {
			isa = PBXGroup;
			children = (
				A820278A215FE8E000A4D7FB /* ShopUITests.swift */,
				A820278C215FE8E000A4D7FB /* Info.plist */,
			);
			path = ShopUITests;
			sourceTree = "<group>";
		};
/* End PBXGroup section */

/* Begin PBXNativeTarget section */
		A8202766215FE8DF00A4D7FB /* Shop */ = {
			isa = PBXNativeTarget;
			buildConfigurationList = A820278F215FE8E000A4D7FB /* Build configuration list for PBXNativeTarget "Shop" */;
			buildPhases = (
				A8202763215FE8DF00A4D7FB /* Sources */,
				A8202764215FE8DF00A4D7FB /* Frameworks */,
				A8202765215FE8DF00A4D7FB /* Resources */,
			);
			buildRules = (
			);
			dependencies = (
			);
			name = Shop;
			productName = Shop;
			productReference = A8202767215FE8DF00A4D7FB /* Shop.app */;
			productType = "com.apple.product-type.application";
		};
		A820277A215FE8E000A4D7FB /* ShopTests */ = {
			isa = PBXNativeTarget;
			buildConfigurationList = A8202792215FE8E000A4D7FB /* Build configuration list for PBXNativeTarget "ShopTests" */;
			buildPhases = (
				A8202777215FE8E000A4D7FB /* Sources */,
				A8202778215FE8E000A4D7FB /* Frameworks */,
				A8202779215FE8E000A4D7FB /* Resources */,
			);
			buildRules = (
			);
			dependencies = (
				A820277D215FE8E000A4D7FB /* PBXTargetDependency */,
			);
			name = ShopTests;
			productName = ShopTests;
			productReference = A820277B215FE8E000A4D7FB /* ShopTests.xctest */;
			productType = "com.apple.product-type.bundle.unit-test";
		};
		A8202785215FE8E000A4D7FB /* ShopUITests */ = {
			isa = PBXNativeTarget;
			buildConfigurationList = A8202795215FE8E000A4D7FB /* Build configuration list for PBXNativeTarget "ShopUITests" */;
			buildPhases = (
				A8202782215FE8E000A4D7FB /* Sources */,
				A8202783215FE8E000A4D7FB /* Frameworks */,
				A8202784215FE8E000A4D7FB /* Resources */,
			);
			buildRules = (
			);
			dependencies = (
				A8202788215FE8E000A4D7FB /* PBXTargetDependency */,
			);
			name = ShopUITests;
			productName = ShopUITests;
			productReference = A8202786215FE8E000A4D7FB /* ShopUITests.xctest */;
			productType = "com.apple.product-type.bundle.ui-testing";
		};
/* End PBXNativeTarget section */

/* Begin PBXProject section */
		A820275F215FE8DF00A4D7FB /* Project object */ = {
			isa = PBXProject;
			attributes = {
				LastSwiftUpdateCheck = 1000;
				LastUpgradeCheck = 1000;
				ORGANIZATIONNAME = "Matt Deuschle";
				TargetAttributes = {
					A8202766215FE8DF00A4D7FB = {
						CreatedOnToolsVersion = 10.0;
					};
					A820277A215FE8E000A4D7FB = {
						CreatedOnToolsVersion = 10.0;
						TestTargetID = A8202766215FE8DF00A4D7FB;
					};
					A8202785215FE8E000A4D7FB = {
						CreatedOnToolsVersion = 10.0;
						TestTargetID = A8202766215FE8DF00A4D7FB;
					};
				};
			};
			buildConfigurationList = A8202762215FE8DF00A4D7FB /* Build configuration list for PBXProject "Shop" */;
			compatibilityVersion = "Xcode 9.3";
			developmentRegion = en;
			hasScannedForEncodings = 0;
			knownRegions = (
				en,
				Base,
			);
			mainGroup = A820275E215FE8DF00A4D7FB;
			productRefGroup = A8202768215FE8DF00A4D7FB /* Products */;
			projectDirPath = "";
			projectRoot = "";
			targets = (
				A8202766215FE8DF00A4D7FB /* Shop */,
				A820277A215FE8E000A4D7FB /* ShopTests */,
				A8202785215FE8E000A4D7FB /* ShopUITests */,
			);
		};
/* End PBXProject section */

/* Begin PBXResourcesBuildPhase section */
		A8202765215FE8DF00A4D7FB /* Resources */ = {
			isa = PBXResourcesBuildPhase;
			buildActionMask = 2147483647;
			files = (
				A8202775215FE8E000A4D7FB /* LaunchScreen.storyboard in Resources */,
				A8202772215FE8E000A4D7FB /* Assets.xcassets in Resources */,
				A8202770215FE8DF00A4D7FB /* Main.storyboard in Resources */,
			);
			runOnlyForDeploymentPostprocessing = 0;
		};
		A8202779215FE8E000A4D7FB /* Resources */ = {
			isa = PBXResourcesBuildPhase;
			buildActionMask = 2147483647;
			files = (
			);
			runOnlyForDeploymentPostprocessing = 0;
		};
		A8202784215FE8E000A4D7FB /* Resources */ = {
			isa = PBXResourcesBuildPhase;
			buildActionMask = 2147483647;
			files = (
			);
			runOnlyForDeploymentPostprocessing = 0;
		};
/* End PBXResourcesBuildPhase section */

/* Begin PBXSourcesBuildPhase section */
		A8202763215FE8DF00A4D7FB /* Sources */ = {
			isa = PBXSourcesBuildPhase;
			buildActionMask = 2147483647;
			files = (
				A820276D215FE8DF00A4D7FB /* ViewController.swift in Sources */,
				A820276B215FE8DF00A4D7FB /* AppDelegate.swift in Sources */,
			);
			runOnlyForDeploymentPostprocessing = 0;
		};
		A8202777215FE8E000A4D7FB /* Sources */ = {
			isa = PBXSourcesBuildPhase;
			buildActionMask = 2147483647;
			files = (
				A8202780215FE8E000A4D7FB /* ShopTests.swift in Sources */,
			);
			runOnlyForDeploymentPostprocessing = 0;
		};
		A8202782215FE8E000A4D7FB /* Sources */ = {
			isa = PBXSourcesBuildPhase;
			buildActionMask = 2147483647;
			files = (
				A820278B215FE8E000A4D7FB /* ShopUITests.swift in Sources */,
			);
			runOnlyForDeploymentPostprocessing = 0;
		};
/* End PBXSourcesBuildPhase section */

/* Begin PBXTargetDependency section */
		A820277D215FE8E000A4D7FB /* PBXTargetDependency */ = {
			isa = PBXTargetDependency;
			target = A8202766215FE8DF00A4D7FB /* Shop */;
			targetProxy = A820277C215FE8E000A4D7FB /* PBXContainerItemProxy */;
		};
		A8202788215FE8E000A4D7FB /* PBXTargetDependency */ = {
			isa = PBXTargetDependency;
			target = A8202766215FE8DF00A4D7FB /* Shop */;
			targetProxy = A8202787215FE8E000A4D7FB /* PBXContainerItemProxy */;
		};
/* End PBXTargetDependency section */

/* Begin PBXVariantGroup section */
		A820276E215FE8DF00A4D7FB /* Main.storyboard */ = {
			isa = PBXVariantGroup;
			children = (
				A820276F215FE8DF00A4D7FB /* Base */,
			);
			name = Main.storyboard;
			sourceTree = "<group>";
		};
		A8202773215FE8E000A4D7FB /* LaunchScreen.storyboard */ = {
			isa = PBXVariantGroup;
			children = (
				A8202774215FE8E000A4D7FB /* Base */,
			);
			name = LaunchScreen.storyboard;
			sourceTree = "<group>";
		};
/* End PBXVariantGroup section */

/* Begin XCBuildConfiguration section */
		A820278D215FE8E000A4D7FB /* Debug */ = {
			isa = XCBuildConfiguration;
			buildSettings = {
				ALWAYS_SEARCH_USER_PATHS = NO;
				CLANG_ANALYZER_NONNULL = YES;
				CLANG_ANALYZER_NUMBER_OBJECT_CONVERSION = YES_AGGRESSIVE;
				CLANG_CXX_LANGUAGE_STANDARD = "gnu++14";
				CLANG_CXX_LIBRARY = "libc++";
				CLANG_ENABLE_MODULES = YES;
				CLANG_ENABLE_OBJC_ARC = YES;
				CLANG_ENABLE_OBJC_WEAK = YES;
				CLANG_WARN_BLOCK_CAPTURE_AUTORELEASING = YES;
				CLANG_WARN_BOOL_CONVERSION = YES;
				CLANG_WARN_COMMA = YES;
				CLANG_WARN_CONSTANT_CONVERSION = YES;
				CLANG_WARN_DEPRECATED_OBJC_IMPLEMENTATIONS = YES;
				CLANG_WARN_DIRECT_OBJC_ISA_USAGE = YES_ERROR;
				CLANG_WARN_DOCUMENTATION_COMMENTS = YES;
				CLANG_WARN_EMPTY_BODY = YES;
				CLANG_WARN_ENUM_CONVERSION = YES;
				CLANG_WARN_INFINITE_RECURSION = YES;
				CLANG_WARN_INT_CONVERSION = YES;
				CLANG_WARN_NON_LITERAL_NULL_CONVERSION = YES;
				CLANG_WARN_OBJC_IMPLICIT_RETAIN_SELF = YES;
				CLANG_WARN_OBJC_LITERAL_CONVERSION = YES;
				CLANG_WARN_OBJC_ROOT_CLASS = YES_ERROR;
				CLANG_WARN_RANGE_LOOP_ANALYSIS = YES;
				CLANG_WARN_STRICT_PROTOTYPES = YES;
				CLANG_WARN_SUSPICIOUS_MOVE = YES;
				CLANG_WARN_UNGUARDED_AVAILABILITY = YES_AGGRESSIVE;
				CLANG_WARN_UNREACHABLE_CODE = YES;
				CLANG_WARN__DUPLICATE_METHOD_MATCH = YES;
				CODE_SIGN_IDENTITY = "iPhone Developer";
				COPY_PHASE_STRIP = NO;
				DEBUG_INFORMATION_FORMAT = dwarf;
				ENABLE_STRICT_OBJC_MSGSEND = YES;
				ENABLE_TESTABILITY = YES;
				GCC_C_LANGUAGE_STANDARD = gnu11;
				GCC_DYNAMIC_NO_PIC = NO;
				GCC_NO_COMMON_BLOCKS = YES;
				GCC_OPTIMIZATION_LEVEL = 0;
				GCC_PREPROCESSOR_DEFINITIONS = (
					"DEBUG=1",
					"$(inherited)",
				);
				GCC_WARN_64_TO_32_BIT_CONVERSION = YES;
				GCC_WARN_ABOUT_RETURN_TYPE = YES_ERROR;
				GCC_WARN_UNDECLARED_SELECTOR = YES;
				GCC_WARN_UNINITIALIZED_AUTOS = YES_AGGRESSIVE;
				GCC_WARN_UNUSED_FUNCTION = YES;
				GCC_WARN_UNUSED_VARIABLE = YES;
				IPHONEOS_DEPLOYMENT_TARGET = 12.0;
				MTL_ENABLE_DEBUG_INFO = INCLUDE_SOURCE;
				MTL_FAST_MATH = YES;
				ONLY_ACTIVE_ARCH = YES;
				SDKROOT = iphoneos;
				SWIFT_ACTIVE_COMPILATION_CONDITIONS = DEBUG;
				SWIFT_OPTIMIZATION_LEVEL = "-Onone";
			};
			name = Debug;
		};
		A820278E215FE8E000A4D7FB /* Release */ = {
			isa = XCBuildConfiguration;
			buildSettings = {
				ALWAYS_SEARCH_USER_PATHS = NO;
				CLANG_ANALYZER_NONNULL = YES;
				CLANG_ANALYZER_NUMBER_OBJECT_CONVERSION = YES_AGGRESSIVE;
				CLANG_CXX_LANGUAGE_STANDARD = "gnu++14";
				CLANG_CXX_LIBRARY = "libc++";
				CLANG_ENABLE_MODULES = YES;
				CLANG_ENABLE_OBJC_ARC = YES;
				CLANG_ENABLE_OBJC_WEAK = YES;
				CLANG_WARN_BLOCK_CAPTURE_AUTORELEASING = YES;
				CLANG_WARN_BOOL_CONVERSION = YES;
				CLANG_WARN_COMMA = YES;
				CLANG_WARN_CONSTANT_CONVERSION = YES;
				CLANG_WARN_DEPRECATED_OBJC_IMPLEMENTATIONS = YES;
				CLANG_WARN_DIRECT_OBJC_ISA_USAGE = YES_ERROR;
				CLANG_WARN_DOCUMENTATION_COMMENTS = YES;
				CLANG_WARN_EMPTY_BODY = YES;
				CLANG_WARN_ENUM_CONVERSION = YES;
				CLANG_WARN_INFINITE_RECURSION = YES;
				CLANG_WARN_INT_CONVERSION = YES;
				CLANG_WARN_NON_LITERAL_NULL_CONVERSION = YES;
				CLANG_WARN_OBJC_IMPLICIT_RETAIN_SELF = YES;
				CLANG_WARN_OBJC_LITERAL_CONVERSION = YES;
				CLANG_WARN_OBJC_ROOT_CLASS = YES_ERROR;
				CLANG_WARN_RANGE_LOOP_ANALYSIS = YES;
				CLANG_WARN_STRICT_PROTOTYPES = YES;
				CLANG_WARN_SUSPICIOUS_MOVE = YES;
				CLANG_WARN_UNGUARDED_AVAILABILITY = YES_AGGRESSIVE;
				CLANG_WARN_UNREACHABLE_CODE = YES;
				CLANG_WARN__DUPLICATE_METHOD_MATCH = YES;
				CODE_SIGN_IDENTITY = "iPhone Developer";
				COPY_PHASE_STRIP = NO;
				DEBUG_INFORMATION_FORMAT = "dwarf-with-dsym";
				ENABLE_NS_ASSERTIONS = NO;
				ENABLE_STRICT_OBJC_MSGSEND = YES;
				GCC_C_LANGUAGE_STANDARD = gnu11;
				GCC_NO_COMMON_BLOCKS = YES;
				GCC_WARN_64_TO_32_BIT_CONVERSION = YES;
				GCC_WARN_ABOUT_RETURN_TYPE = YES_ERROR;
				GCC_WARN_UNDECLARED_SELECTOR = YES;
				GCC_WARN_UNINITIALIZED_AUTOS = YES_AGGRESSIVE;
				GCC_WARN_UNUSED_FUNCTION = YES;
				GCC_WARN_UNUSED_VARIABLE = YES;
				IPHONEOS_DEPLOYMENT_TARGET = 12.0;
				MTL_ENABLE_DEBUG_INFO = NO;
				MTL_FAST_MATH = YES;
				SDKROOT = iphoneos;
				SWIFT_COMPILATION_MODE = wholemodule;
				SWIFT_OPTIMIZATION_LEVEL = "-O";
				VALIDATE_PRODUCT = YES;
			};
			name = Release;
		};
		A8202790215FE8E000A4D7FB /* Debug */ = {
			isa = XCBuildConfiguration;
			buildSettings = {
				ASSETCATALOG_COMPILER_APPICON_NAME = AppIcon;
				CODE_SIGN_STYLE = Automatic;
				DEVELOPMENT_TEAM = EUAKYK4NXS;
				INFOPLIST_FILE = Shop/Info.plist;
				LD_RUNPATH_SEARCH_PATHS = (
					"$(inherited)",
					"@executable_path/Frameworks",
				);
				PRODUCT_BUNDLE_IDENTIFIER = Matt.Deuschle.Shop;
				PRODUCT_NAME = "$(TARGET_NAME)";
				SWIFT_VERSION = 4.2;
				TARGETED_DEVICE_FAMILY = "1,2";
			};
			name = Debug;
		};
		A8202791215FE8E000A4D7FB /* Release */ = {
			isa = XCBuildConfiguration;
			buildSettings = {
				ASSETCATALOG_COMPILER_APPICON_NAME = AppIcon;
				CODE_SIGN_STYLE = Automatic;
				DEVELOPMENT_TEAM = EUAKYK4NXS;
				INFOPLIST_FILE = Shop/Info.plist;
				LD_RUNPATH_SEARCH_PATHS = (
					"$(inherited)",
					"@executable_path/Frameworks",
				);
				PRODUCT_BUNDLE_IDENTIFIER = Matt.Deuschle.Shop;
				PRODUCT_NAME = "$(TARGET_NAME)";
				SWIFT_VERSION = 4.2;
				TARGETED_DEVICE_FAMILY = "1,2";
			};
			name = Release;
		};
		A8202793215FE8E000A4D7FB /* Debug */ = {
			isa = XCBuildConfiguration;
			buildSettings = {
				ALWAYS_EMBED_SWIFT_STANDARD_LIBRARIES = YES;
				BUNDLE_LOADER = "$(TEST_HOST)";
				CODE_SIGN_STYLE = Automatic;
				DEVELOPMENT_TEAM = EUAKYK4NXS;
				INFOPLIST_FILE = ShopTests/Info.plist;
				LD_RUNPATH_SEARCH_PATHS = (
					"$(inherited)",
					"@executable_path/Frameworks",
					"@loader_path/Frameworks",
				);
				PRODUCT_BUNDLE_IDENTIFIER = Matt.Deuschle.ShopTests;
				PRODUCT_NAME = "$(TARGET_NAME)";
				SWIFT_VERSION = 4.2;
				TARGETED_DEVICE_FAMILY = "1,2";
				TEST_HOST = "$(BUILT_PRODUCTS_DIR)/Shop.app/Shop";
			};
			name = Debug;
		};
		A8202794215FE8E000A4D7FB /* Release */ = {
			isa = XCBuildConfiguration;
			buildSettings = {
				ALWAYS_EMBED_SWIFT_STANDARD_LIBRARIES = YES;
				BUNDLE_LOADER = "$(TEST_HOST)";
				CODE_SIGN_STYLE = Automatic;
				DEVELOPMENT_TEAM = EUAKYK4NXS;
				INFOPLIST_FILE = ShopTests/Info.plist;
				LD_RUNPATH_SEARCH_PATHS = (
					"$(inherited)",
					"@executable_path/Frameworks",
					"@loader_path/Frameworks",
				);
				PRODUCT_BUNDLE_IDENTIFIER = Matt.Deuschle.ShopTests;
				PRODUCT_NAME = "$(TARGET_NAME)";
				SWIFT_VERSION = 4.2;
				TARGETED_DEVICE_FAMILY = "1,2";
				TEST_HOST = "$(BUILT_PRODUCTS_DIR)/Shop.app/Shop";
			};
			name = Release;
		};
		A8202796215FE8E000A4D7FB /* Debug */ = {
			isa = XCBuildConfiguration;
			buildSettings = {
				ALWAYS_EMBED_SWIFT_STANDARD_LIBRARIES = YES;
				CODE_SIGN_STYLE = Automatic;
				DEVELOPMENT_TEAM = EUAKYK4NXS;
				INFOPLIST_FILE = ShopUITests/Info.plist;
				LD_RUNPATH_SEARCH_PATHS = (
					"$(inherited)",
					"@executable_path/Frameworks",
					"@loader_path/Frameworks",
				);
				PRODUCT_BUNDLE_IDENTIFIER = Matt.Deuschle.ShopUITests;
				PRODUCT_NAME = "$(TARGET_NAME)";
				SWIFT_VERSION = 4.2;
				TARGETED_DEVICE_FAMILY = "1,2";
				TEST_TARGET_NAME = Shop;
			};
			name = Debug;
		};
		A8202797215FE8E000A4D7FB /* Release */ = {
			isa = XCBuildConfiguration;
			buildSettings = {
				ALWAYS_EMBED_SWIFT_STANDARD_LIBRARIES = YES;
				CODE_SIGN_STYLE = Automatic;
				DEVELOPMENT_TEAM = EUAKYK4NXS;
				INFOPLIST_FILE = ShopUITests/Info.plist;
				LD_RUNPATH_SEARCH_PATHS = (
					"$(inherited)",
					"@executable_path/Frameworks",
					"@loader_path/Frameworks",
				);
				PRODUCT_BUNDLE_IDENTIFIER = Matt.Deuschle.ShopUITests;
				PRODUCT_NAME = "$(TARGET_NAME)";
				SWIFT_VERSION = 4.2;
				TARGETED_DEVICE_FAMILY = "1,2";
				TEST_TARGET_NAME = Shop;
			};
			name = Release;
		};
/* End XCBuildConfiguration section */

/* Begin XCConfigurationList section */
		A8202762215FE8DF00A4D7FB /* Build configuration list for PBXProject "Shop" */ = {
			isa = XCConfigurationList;
			buildConfigurations = (
				A820278D215FE8E000A4D7FB /* Debug */,
				A820278E215FE8E000A4D7FB /* Release */,
			);
			defaultConfigurationIsVisible = 0;
			defaultConfigurationName = Release;
		};
		A820278F215FE8E000A4D7FB /* Build configuration list for PBXNativeTarget "Shop" */ = {
			isa = XCConfigurationList;
			buildConfigurations = (
				A8202790215FE8E000A4D7FB /* Debug */,
				A8202791215FE8E000A4D7FB /* Release */,
			);
			defaultConfigurationIsVisible = 0;
			defaultConfigurationName = Release;
		};
		A8202792215FE8E000A4D7FB /* Build configuration list for PBXNativeTarget "ShopTests" */ = {
			isa = XCConfigurationList;
			buildConfigurations = (
				A8202793215FE8E000A4D7FB /* Debug */,
				A8202794215FE8E000A4D7FB /* Release */,
			);
			defaultConfigurationIsVisible = 0;
			defaultConfigurationName = Release;
		};
		A8202795215FE8E000A4D7FB /* Build configuration list for PBXNativeTarget "ShopUITests" */ = {
			isa = XCConfigurationList;
			buildConfigurations = (
				A8202796215FE8E000A4D7FB /* Debug */,
				A8202797215FE8E000A4D7FB /* Release */,
			);
			defaultConfigurationIsVisible = 0;
			defaultConfigurationName = Release;
		};
/* End XCConfigurationList section */
	};
	rootObject = A820275F215FE8DF00A4D7FB /* Project object */;
}
